
Microsoft Visual Studio Solution File, Format Version 12.00
# Visual Studio Version 17
VisualStudioVersion = 17.12.35514.174
MinimumVisualStudioVersion = 10.0.40219.1
Project("{FAE04EC0-301F-11D3-BF4B-00C04F79EFBC}") = "Result Pattern", "Result Pattern\Result Pattern.csproj", "{2D301539-9406-4642-93BE-23EB9CEB135A}"
EndProject
Project("{FAE04EC0-301F-11D3-BF4B-00C04F79EFBC}") = "ResponseHandler", "ResponseHandler\ResponseHandler.csproj", "{B7721965-4D21-458B-96B2-803CE68F070D}"
EndProject
Project("{FAE04EC0-301F-11D3-BF4B-00C04F79EFBC}") = "BaseResponse", "BaseResponse\BaseResponse.csproj", "{5DCDC1C5-6679-41C2-89C3-E1F65F2705F3}"
EndProject
Global
	GlobalSection(SolutionConfigurationPlatforms) = preSolution
		Debug|Any CPU = Debug|Any CPU
		Release|Any CPU = Release|Any CPU
	EndGlobalSection
	GlobalSection(ProjectConfigurationPlatforms) = postSolution
		{2D301539-9406-4642-93BE-23EB9CEB135A}.Debug|Any CPU.ActiveCfg = Debug|Any CPU
		{2D301539-9406-4642-93BE-23EB9CEB135A}.Debug|Any CPU.Build.0 = Debug|Any CPU
		{2D301539-9406-4642-93BE-23EB9CEB135A}.Release|Any CPU.ActiveCfg = Release|Any CPU
		{2D301539-9406-4642-93BE-23EB9CEB135A}.Release|Any CPU.Build.0 = Release|Any CPU
		{B7721965-4D21-458B-96B2-803CE68F070D}.Debug|Any CPU.ActiveCfg = Debug|Any CPU
		{B7721965-4D21-458B-96B2-803CE68F070D}.Debug|Any CPU.Build.0 = Debug|Any CPU
		{B7721965-4D21-458B-96B2-803CE68F070D}.Release|Any CPU.ActiveCfg = Release|Any CPU
		{B7721965-4D21-458B-96B2-803CE68F070D}.Release|Any CPU.Build.0 = Release|Any CPU
		{5DCDC1C5-6679-41C2-89C3-E1F65F2705F3}.Debug|Any CPU.ActiveCfg = Debug|Any CPU
		{5DCDC1C5-6679-41C2-89C3-E1F65F2705F3}.Debug|Any CPU.Build.0 = Debug|Any CPU
		{5DCDC1C5-6679-41C2-89C3-E1F65F2705F3}.Release|Any CPU.ActiveCfg = Release|Any CPU
		{5DCDC1C5-6679-41C2-89C3-E1F65F2705F3}.Release|Any CPU.Build.0 = Release|Any CPU
	EndGlobalSection
	GlobalSection(SolutionProperties) = preSolution
		HideSolutionNode = FALSE
	EndGlobalSection
EndGlobal
